
Microsoft Visual Studio Solution File, Format Version 12.00
# Visual Studio Version 16
VisualStudioVersion = 16.0.810.16
MinimumVisualStudioVersion = 10.0.40219.1
Project("{FAE04EC0-301F-11D3-BF4B-00C04F79EFBC}") = "DateMeRyanPinkney", "DateMeRyanPinkney\DateMeRyanPinkney.csproj", "{FDEF81BC-0674-4CD2-A18E-BA3CDE5192EB}"
EndProject
Global
	GlobalSection(SolutionConfigurationPlatforms) = preSolution
		Debug|Any CPU = Debug|Any CPU
		Release|Any CPU = Release|Any CPU
	EndGlobalSection
	GlobalSection(ProjectConfigurationPlatforms) = postSolution
		{FDEF81BC-0674-4CD2-A18E-BA3CDE5192EB}.Debug|Any CPU.ActiveCfg = Debug|Any CPU
		{FDEF81BC-0674-4CD2-A18E-BA3CDE5192EB}.Debug|Any CPU.Build.0 = Debug|Any CPU
		{FDEF81BC-0674-4CD2-A18E-BA3CDE5192EB}.Release|Any CPU.ActiveCfg = Release|Any CPU
		{FDEF81BC-0674-4CD2-A18E-BA3CDE5192EB}.Release|Any CPU.Build.0 = Release|Any CPU
	EndGlobalSection
	GlobalSection(SolutionProperties) = preSolution
		HideSolutionNode = FALSE
	EndGlobalSection
	GlobalSection(ExtensibilityGlobals) = postSolution
		SolutionGuid = {6B8AC3DE-15B2-49B9-9A60-4714F8A8AEB9}
	EndGlobalSection
EndGlobal
